
Microsoft Visual Studio Solution File, Format Version 12.00
# Visual Studio Version 17
VisualStudioVersion = 17.3.32519.111
MinimumVisualStudioVersion = 10.0.40219.1
Project("{FAE04EC0-301F-11D3-BF4B-00C04F79EFBC}") = "WikiartImgsDownloader", "WikiartImgsDownloader\WikiartImgsDownloader.csproj", "{1CE2FC8C-A60C-4648-B1AD-EA865D223A8E}"
EndProject
Global
	GlobalSection(SolutionConfigurationPlatforms) = preSolution
		Debug|Any CPU = Debug|Any CPU
		Release|Any CPU = Release|Any CPU
	EndGlobalSection
	GlobalSection(ProjectConfigurationPlatforms) = postSolution
		{1CE2FC8C-A60C-4648-B1AD-EA865D223A8E}.Debug|Any CPU.ActiveCfg = Debug|Any CPU
		{1CE2FC8C-A60C-4648-B1AD-EA865D223A8E}.Debug|Any CPU.Build.0 = Debug|Any CPU
		{1CE2FC8C-A60C-4648-B1AD-EA865D223A8E}.Release|Any CPU.ActiveCfg = Release|Any CPU
		{1CE2FC8C-A60C-4648-B1AD-EA865D223A8E}.Release|Any CPU.Build.0 = Release|Any CPU
	EndGlobalSection
	GlobalSection(SolutionProperties) = preSolution
		HideSolutionNode = FALSE
	EndGlobalSection
	GlobalSection(ExtensibilityGlobals) = postSolution
		SolutionGuid = {D0BC4073-C7CE-487E-8C3E-9892B45744A3}
	EndGlobalSection
EndGlobal
